
Microsoft Visual Studio Solution File, Format Version 12.00
# Visual Studio Version 16
VisualStudioVersion = 16.0.29409.12
MinimumVisualStudioVersion = 10.0.40219.1
Project("{FAE04EC0-301F-11D3-BF4B-00C04F79EFBC}") = "SecondKeyboard", "SecondKeyboard\SecondKeyboard.csproj", "{3F713388-BA05-49AC-A329-D82794FDC971}"
EndProject
Project("{FAE04EC0-301F-11D3-BF4B-00C04F79EFBC}") = "WindowsFormsApp1", "WindowsFormsApp1\WindowsFormsApp1.csproj", "{DB564EC1-A2DB-488D-BF44-9CE2B3292F8B}"
EndProject
Global
	GlobalSection(SolutionConfigurationPlatforms) = preSolution
		Debug|Any CPU = Debug|Any CPU
		Release|Any CPU = Release|Any CPU
	EndGlobalSection
	GlobalSection(ProjectConfigurationPlatforms) = postSolution
		{3F713388-BA05-49AC-A329-D82794FDC971}.Debug|Any CPU.ActiveCfg = Debug|Any CPU
		{3F713388-BA05-49AC-A329-D82794FDC971}.Debug|Any CPU.Build.0 = Debug|Any CPU
		{3F713388-BA05-49AC-A329-D82794FDC971}.Release|Any CPU.ActiveCfg = Release|Any CPU
		{3F713388-BA05-49AC-A329-D82794FDC971}.Release|Any CPU.Build.0 = Release|Any CPU
		{DB564EC1-A2DB-488D-BF44-9CE2B3292F8B}.Debug|Any CPU.ActiveCfg = Debug|Any CPU
		{DB564EC1-A2DB-488D-BF44-9CE2B3292F8B}.Debug|Any CPU.Build.0 = Debug|Any CPU
		{DB564EC1-A2DB-488D-BF44-9CE2B3292F8B}.Release|Any CPU.ActiveCfg = Release|Any CPU
		{DB564EC1-A2DB-488D-BF44-9CE2B3292F8B}.Release|Any CPU.Build.0 = Release|Any CPU
	EndGlobalSection
	GlobalSection(SolutionProperties) = preSolution
		HideSolutionNode = FALSE
	EndGlobalSection
	GlobalSection(ExtensibilityGlobals) = postSolution
		SolutionGuid = {484C35E1-F03D-44E7-9FD7-4CC197460737}
	EndGlobalSection
EndGlobal
